Microsoft Visual Studio Solution File, Format Version 12.00
# Visual Studio Version 17
VisualStudioVersion = 17.5.2.0
MinimumVisualStudioVersion = 10.0.40219.1
Project("{2150E333-8FDC-42A3-9474-1A3956D46DE8}") = "src", "src", "{827E0CD3-B72D-47B6-A68D-7590B98EB39B}"
EndProject
Project("{FAE04EC0-301F-11D3-BF4B-00C04F79EFBC}") = "typstsharp.cli", "src\typstsharp.cli\typstsharp.cli.csproj", "{7FF9E6BC-907F-5B7A-488F-2F0E143FFBC0}"
EndProject
Project("{FAE04EC0-301F-11D3-BF4B-00C04F79EFBC}") = "typstsharp", "src\typstsharp\typstsharp.csproj", "{D3248D13-4F84-FF4F-1F3A-B331F7D62164}"
EndProject
Global
	GlobalSection(SolutionConfigurationPlatforms) = preSolution
		Debug|Any CPU = Debug|Any CPU
		Release|Any CPU = Release|Any CPU
	EndGlobalSection
	GlobalSection(ProjectConfigurationPlatforms) = postSolution
		{7FF9E6BC-907F-5B7A-488F-2F0E143FFBC0}.Debug|Any CPU.ActiveCfg = Debug|Any CPU
		{7FF9E6BC-907F-5B7A-488F-2F0E143FFBC0}.Debug|Any CPU.Build.0 = Debug|Any CPU
		{7FF9E6BC-907F-5B7A-488F-2F0E143FFBC0}.Release|Any CPU.ActiveCfg = Release|Any CPU
		{7FF9E6BC-907F-5B7A-488F-2F0E143FFBC0}.Release|Any CPU.Build.0 = Release|Any CPU
		{D3248D13-4F84-FF4F-1F3A-B331F7D62164}.Debug|Any CPU.ActiveCfg = Debug|Any CPU
		{D3248D13-4F84-FF4F-1F3A-B331F7D62164}.Debug|Any CPU.Build.0 = Debug|Any CPU
		{D3248D13-4F84-FF4F-1F3A-B331F7D62164}.Release|Any CPU.ActiveCfg = Release|Any CPU
		{D3248D13-4F84-FF4F-1F3A-B331F7D62164}.Release|Any CPU.Build.0 = Release|Any CPU
	EndGlobalSection
	GlobalSection(SolutionProperties) = preSolution
		HideSolutionNode = FALSE
	EndGlobalSection
	GlobalSection(NestedProjects) = preSolution
		{7FF9E6BC-907F-5B7A-488F-2F0E143FFBC0} = {827E0CD3-B72D-47B6-A68D-7590B98EB39B}
		{D3248D13-4F84-FF4F-1F3A-B331F7D62164} = {827E0CD3-B72D-47B6-A68D-7590B98EB39B}
	EndGlobalSection
	GlobalSection(ExtensibilityGlobals) = postSolution
		SolutionGuid = {733358B8-0295-48C8-8185-B02ED0C31824}
	EndGlobalSection
EndGlobal
